
Microsoft Visual Studio Solution File, Format Version 12.00
# Visual Studio Version 16
VisualStudioVersion = 16.0.30406.217
MinimumVisualStudioVersion = 10.0.40219.1
Project("{FAE04EC0-301F-11D3-BF4B-00C04F79EFBC}") = "PLCUnit", "PLCUnit\PLCUnit.csproj", "{669EE8F2-4231-4982-9054-6B109266B2DF}"
EndProject
Project("{FAE04EC0-301F-11D3-BF4B-00C04F79EFBC}") = "PLC.Test", "PLC.xUnit.Test\PLC.Test.csproj", "{AB719783-C0CB-4737-9C8E-519D67F6DFB9}"
EndProject
Global
	GlobalSection(SolutionConfigurationPlatforms) = preSolution
		Debug|Any CPU = Debug|Any CPU
		Release|Any CPU = Release|Any CPU
	EndGlobalSection
	GlobalSection(ProjectConfigurationPlatforms) = postSolution
		{669EE8F2-4231-4982-9054-6B109266B2DF}.Debug|Any CPU.ActiveCfg = Debug|Any CPU
		{669EE8F2-4231-4982-9054-6B109266B2DF}.Debug|Any CPU.Build.0 = Debug|Any CPU
		{669EE8F2-4231-4982-9054-6B109266B2DF}.Release|Any CPU.ActiveCfg = Release|Any CPU
		{669EE8F2-4231-4982-9054-6B109266B2DF}.Release|Any CPU.Build.0 = Release|Any CPU
		{AB719783-C0CB-4737-9C8E-519D67F6DFB9}.Debug|Any CPU.ActiveCfg = Debug|Any CPU
		{AB719783-C0CB-4737-9C8E-519D67F6DFB9}.Debug|Any CPU.Build.0 = Debug|Any CPU
		{AB719783-C0CB-4737-9C8E-519D67F6DFB9}.Release|Any CPU.ActiveCfg = Release|Any CPU
		{AB719783-C0CB-4737-9C8E-519D67F6DFB9}.Release|Any CPU.Build.0 = Release|Any CPU
	EndGlobalSection
	GlobalSection(SolutionProperties) = preSolution
		HideSolutionNode = FALSE
	EndGlobalSection
	GlobalSection(ExtensibilityGlobals) = postSolution
		SolutionGuid = {0CB8B129-5B5F-425F-BB19-CDAFF73F3B05}
	EndGlobalSection
EndGlobal
